
Microsoft Visual Studio Solution File, Format Version 12.00
# Visual Studio Version 17
VisualStudioVersion = 17.3.32825.248
MinimumVisualStudioVersion = 10.0.40219.1
Project("{FAE04EC0-301F-11D3-BF4B-00C04F79EFBC}") = "GameDatabaseAPI", "GameDatabaseAPI\GameDatabaseAPI.csproj", "{19AD676F-D6C1-4DD6-AC4E-052D4EE47077}"
EndProject
Project("{FAE04EC0-301F-11D3-BF4B-00C04F79EFBC}") = "DBGameDatabaseContextDB", "DBGameDatabaseContextDB\DBGameDatabaseContextDB.csproj", "{FA361BB8-7FB3-4E42-BB8E-CE2A318356AA}"
EndProject
Global
	GlobalSection(SolutionConfigurationPlatforms) = preSolution
		Debug|Any CPU = Debug|Any CPU
		Release|Any CPU = Release|Any CPU
	EndGlobalSection
	GlobalSection(ProjectConfigurationPlatforms) = postSolution
		{19AD676F-D6C1-4DD6-AC4E-052D4EE47077}.Debug|Any CPU.ActiveCfg = Debug|Any CPU
		{19AD676F-D6C1-4DD6-AC4E-052D4EE47077}.Debug|Any CPU.Build.0 = Debug|Any CPU
		{19AD676F-D6C1-4DD6-AC4E-052D4EE47077}.Release|Any CPU.ActiveCfg = Release|Any CPU
		{19AD676F-D6C1-4DD6-AC4E-052D4EE47077}.Release|Any CPU.Build.0 = Release|Any CPU
		{FA361BB8-7FB3-4E42-BB8E-CE2A318356AA}.Debug|Any CPU.ActiveCfg = Debug|Any CPU
		{FA361BB8-7FB3-4E42-BB8E-CE2A318356AA}.Debug|Any CPU.Build.0 = Debug|Any CPU
		{FA361BB8-7FB3-4E42-BB8E-CE2A318356AA}.Release|Any CPU.ActiveCfg = Release|Any CPU
		{FA361BB8-7FB3-4E42-BB8E-CE2A318356AA}.Release|Any CPU.Build.0 = Release|Any CPU
	EndGlobalSection
	GlobalSection(SolutionProperties) = preSolution
		HideSolutionNode = FALSE
	EndGlobalSection
	GlobalSection(ExtensibilityGlobals) = postSolution
		SolutionGuid = {4AB06B05-DAD6-4372-AF34-6FBA291C629C}
	EndGlobalSection
EndGlobal
